
Microsoft Visual Studio Solution File, Format Version 12.00
# Visual Studio Version 16
VisualStudioVersion = 16.0.29613.14
MinimumVisualStudioVersion = 10.0.40219.1
Project("{9A19103F-16F7-4668-BE54-9A1E7A4F7556}") = "DomainModel", "DomainModel\DomainModel.csproj", "{EFDF84B9-5AE7-4C6B-9ED3-A89C075A13B5}"
EndProject
Project("{9A19103F-16F7-4668-BE54-9A1E7A4F7556}") = "Application", "Application\Application.csproj", "{B484BA62-78CF-428B-8DC6-19F94A89BD11}"
EndProject
Project("{9A19103F-16F7-4668-BE54-9A1E7A4F7556}") = "Infrastructure", "Infrastructure\Infrastructure.csproj", "{E9480D59-9181-4806-BB45-BE9FEB3A7E90}"
EndProject
Project("{9A19103F-16F7-4668-BE54-9A1E7A4F7556}") = "API", "API\API.csproj", "{F1F79200-D004-4CE5-91D7-81D785D6002D}"
EndProject
Project("{2150E333-8FDC-42A3-9474-1A3956D46DE8}") = "Tests", "Tests", "{0D4393FB-18BB-4A8F-B9F1-9FDFC4D3947E}"
EndProject
Project("{FAE04EC0-301F-11D3-BF4B-00C04F79EFBC}") = "Application.Tests", "Application.Tests\Application.Tests.csproj", "{2177A89C-CB39-45FB-AE9B-2BFAED8FEF76}"
EndProject
Global
	GlobalSection(SolutionConfigurationPlatforms) = preSolution
		Debug|Any CPU = Debug|Any CPU
		Release|Any CPU = Release|Any CPU
	EndGlobalSection
	GlobalSection(ProjectConfigurationPlatforms) = postSolution
		{EFDF84B9-5AE7-4C6B-9ED3-A89C075A13B5}.Debug|Any CPU.ActiveCfg = Debug|Any CPU
		{EFDF84B9-5AE7-4C6B-9ED3-A89C075A13B5}.Debug|Any CPU.Build.0 = Debug|Any CPU
		{EFDF84B9-5AE7-4C6B-9ED3-A89C075A13B5}.Release|Any CPU.ActiveCfg = Release|Any CPU
		{EFDF84B9-5AE7-4C6B-9ED3-A89C075A13B5}.Release|Any CPU.Build.0 = Release|Any CPU
		{B484BA62-78CF-428B-8DC6-19F94A89BD11}.Debug|Any CPU.ActiveCfg = Debug|Any CPU
		{B484BA62-78CF-428B-8DC6-19F94A89BD11}.Debug|Any CPU.Build.0 = Debug|Any CPU
		{B484BA62-78CF-428B-8DC6-19F94A89BD11}.Release|Any CPU.ActiveCfg = Release|Any CPU
		{B484BA62-78CF-428B-8DC6-19F94A89BD11}.Release|Any CPU.Build.0 = Release|Any CPU
		{E9480D59-9181-4806-BB45-BE9FEB3A7E90}.Debug|Any CPU.ActiveCfg = Debug|Any CPU
		{E9480D59-9181-4806-BB45-BE9FEB3A7E90}.Debug|Any CPU.Build.0 = Debug|Any CPU
		{E9480D59-9181-4806-BB45-BE9FEB3A7E90}.Release|Any CPU.ActiveCfg = Release|Any CPU
		{E9480D59-9181-4806-BB45-BE9FEB3A7E90}.Release|Any CPU.Build.0 = Release|Any CPU
		{F1F79200-D004-4CE5-91D7-81D785D6002D}.Debug|Any CPU.ActiveCfg = Debug|Any CPU
		{F1F79200-D004-4CE5-91D7-81D785D6002D}.Debug|Any CPU.Build.0 = Debug|Any CPU
		{F1F79200-D004-4CE5-91D7-81D785D6002D}.Release|Any CPU.ActiveCfg = Release|Any CPU
		{F1F79200-D004-4CE5-91D7-81D785D6002D}.Release|Any CPU.Build.0 = Release|Any CPU
		{2177A89C-CB39-45FB-AE9B-2BFAED8FEF76}.Debug|Any CPU.ActiveCfg = Debug|Any CPU
		{2177A89C-CB39-45FB-AE9B-2BFAED8FEF76}.Debug|Any CPU.Build.0 = Debug|Any CPU
		{2177A89C-CB39-45FB-AE9B-2BFAED8FEF76}.Release|Any CPU.ActiveCfg = Release|Any CPU
		{2177A89C-CB39-45FB-AE9B-2BFAED8FEF76}.Release|Any CPU.Build.0 = Release|Any CPU
	EndGlobalSection
	GlobalSection(SolutionProperties) = preSolution
		HideSolutionNode = FALSE
	EndGlobalSection
	GlobalSection(NestedProjects) = preSolution
		{2177A89C-CB39-45FB-AE9B-2BFAED8FEF76} = {0D4393FB-18BB-4A8F-B9F1-9FDFC4D3947E}
	EndGlobalSection
	GlobalSection(ExtensibilityGlobals) = postSolution
		SolutionGuid = {0D636092-2F01-4FF5-AAFB-A9DCA1CD9D5A}
	EndGlobalSection
EndGlobal
